
Microsoft Visual Studio Solution File, Format Version 12.00
# Visual Studio Version 17
VisualStudioVersion = 17.6.33815.320
MinimumVisualStudioVersion = 10.0.40219.1
Project("{FAE04EC0-301F-11D3-BF4B-00C04F79EFBC}") = "Lab#1_05_09", "Lab#1_05_09\Lab#1_05_09.csproj", "{AB543754-BF3F-467A-910F-221355BFAA0E}"
EndProject
Global
	GlobalSection(SolutionConfigurationPlatforms) = preSolution
		Debug|Any CPU = Debug|Any CPU
		Release|Any CPU = Release|Any CPU
	EndGlobalSection
	GlobalSection(ProjectConfigurationPlatforms) = postSolution
		{AB543754-BF3F-467A-910F-221355BFAA0E}.Debug|Any CPU.ActiveCfg = Debug|Any CPU
		{AB543754-BF3F-467A-910F-221355BFAA0E}.Debug|Any CPU.Build.0 = Debug|Any CPU
		{AB543754-BF3F-467A-910F-221355BFAA0E}.Release|Any CPU.ActiveCfg = Release|Any CPU
		{AB543754-BF3F-467A-910F-221355BFAA0E}.Release|Any CPU.Build.0 = Release|Any CPU
	EndGlobalSection
	GlobalSection(SolutionProperties) = preSolution
		HideSolutionNode = FALSE
	EndGlobalSection
	GlobalSection(ExtensibilityGlobals) = postSolution
		SolutionGuid = {9E4CBE8B-8BD8-4341-BEAB-12FA3B6B833A}
	EndGlobalSection
EndGlobal
